github.com/BurntSushi/toml v0.3.1 h1:WXkYYl6Yr3qBf1K79EBnL4mak0OimBfB0XUf9Vl28OQ=
github.com/BurntSushi/toml v0.3.1/go.mod h1:xHWCNGjB5oqiDr8zfno3MHue2Ht5sIBksp03qcyfWMU=
github.com/peterbourgon/ff v1.1.0 h1:mz0/c1gtUwz/MsyJs3GwPjFSTFlD4UEwKEPw5Z+0cm8=
github.com/peterbourgon/ff v1.1.0/go.mod h1:P2CDTJbjip+iAWS2jnkp6uKBX2Bcvc/K4p5j47CTRv0=
